{
  "version": "5",
  "remote": {
    "https://edge.netlify.com/": "fd941d61d88673d5f28aab283fb86fcc50f08a3bc80ee5470498fcfa88c65cfb",
    "https://edge.netlify.com/bootstrap/config.ts": "6a2ce0e544e15e8f8883a5c18da5948e37fd0f2619f68cb31f3af53c51817025",
    "https://edge.netlify.com/bootstrap/context.ts": "e97240232121e2f369f6546ce961490f34d961ea1ea54be3ff09633e3f08373f",
    "https://edge.netlify.com/bootstrap/cookie.ts": "8b0baae708989ca183c6f3b4ab3d029e6abcbc2e43f93edeb0ff447b3bbc3a05",
    "https://edge.netlify.com/bootstrap/edge_function.ts": "b8253e86aa83c67341f5cfedeba5049d77fbf84dcab7eceff7566b7728ae9b39",
    "https://edge.netlify.com/bootstrap/globals/types.ts": "eaa6148ded3121d8dee62dd91c86e7fe76601df0f3ca8d7962243a30f4c8935f"
  },
  "workspace": {
    "packageJson": {
      "dependencies": [
        "npm:@iconify-json/lucide@^1.2.114",
        "npm:@iconify-json/simple-icons@^1.2.87",
        "npm:@nuxt/icon@^2.2.3",
        "npm:@nuxt/image@2",
        "npm:@nuxtjs/google-fonts@^3.2.0",
        "npm:@nuxtjs/robots@^6.1.1",
        "npm:@nuxtjs/sitemap@^8.2.1",
        "npm:@nuxtjs/supabase@^2.0.9",
        "npm:@playwright/test@^1.61.0",
        "npm:@supabase/supabase-js@^2.108.2",
        "npm:@tailwindcss/vite@^4.3.1",
        "npm:@types/node@26",
        "npm:@vueuse/core@^14.3.0",
        "npm:class-variance-authority@~0.7.1",
        "npm:clsx@^2.1.1",
        "npm:isomorphic-dompurify@^3.18.0",
        "npm:nuxt@^4.4.8",
        "npm:playwright@^1.61.0",
        "npm:reka-ui@^2.10.0",
        "npm:swiper@^12.2.0",
        "npm:tailwind-merge@^3.6.0",
        "npm:tailwindcss-animate@^1.0.7",
        "npm:tailwindcss@^4.3.1",
        "npm:typescript@^6.0.3",
        "npm:v-wave@^3.1.1",
        "npm:vee-validate@^4.15.1",
        "npm:vue-sonner@^2.0.9",
        "npm:vue-tsc@^3.3.5",
        "npm:vitest@^4.1.9"
      ]
    }
  }
}
